// !$*UTF8*$!
{
	archiveVersion = 1;
	classes = {
	};
	objectVersion = 53;
	objects = {

/* Begin PBXBuildFile section */
		76CD12CC2A4E9B2500A0CFD3 /* AppDelegate.swift in Sources */ = {isa = PBXBuildFile; fileRef = 76CD12CB2A4E9B2500A0CFD3 /* AppDelegate.swift */; };
		76CD12CE2A4E9B2500A0CFD3 /* SceneDelegate.swift in Sources */ = {isa = PBXBuildFile; fileRef = 76CD12CD2A4E9B2500A0CFD3 /* SceneDelegate.swift */; };
		76CD12D02A4E9B2500A0CFD3 /* HomeViewController.swift in Sources */ = {isa = PBXBuildFile; fileRef = 76CD12CF2A4E9B2500A0CFD3 /* HomeViewController.swift */; };
		76CD12D32A4E9B2500A0CFD3 /* Main.storyboard in Resources */ = {isa = PBXBuildFile; fileRef = 76CD12D12A4E9B2500A0CFD3 /* Main.storyboard */; };
		76CD12D52A4E9B2700A0CFD3 /* Assets.xcassets in Resources */ = {isa = PBXBuildFile; fileRef = 76CD12D42A4E9B2700A0CFD3 /* Assets.xcassets */; };
		76CD12D82A4E9B2700A0CFD3 /* LaunchScreen.storyboard in Resources */ = {isa = PBXBuildFile; fileRef = 76CD12D62A4E9B2700A0CFD3 /* LaunchScreen.storyboard */; };
		76CD12E02A4EA1EB00A0CFD3 /* BaseTabBarController.swift in Sources */ = {isa = PBXBuildFile; fileRef = 76CD12DF2A4EA1EB00A0CFD3 /* BaseTabBarController.swift */; };
		76CD12E22A4EA6F900A0CFD3 /* BaseViewController.swift in Sources */ = {isa = PBXBuildFile; fileRef = 76CD12E12A4EA6F900A0CFD3 /* BaseViewController.swift */; };
		76CD12E92A4EA81300A0CFD3 /* SearchViewController.swift in Sources */ = {isa = PBXBuildFile; fileRef = 76CD12E82A4EA81300A0CFD3 /* SearchViewController.swift */; };
		76CD12EB2A4EA83500A0CFD3 /* ActiveViewController.swift in Sources */ = {isa = PBXBuildFile; fileRef = 76CD12EA2A4EA83500A0CFD3 /* ActiveViewController.swift */; };
		76CD12ED2A4EA85200A0CFD3 /* ProfileViewController.swift in Sources */ = {isa = PBXBuildFile; fileRef = 76CD12EC2A4EA85200A0CFD3 /* ProfileViewController.swift */; };
		76CD12F02A4EB13D00A0CFD3 /* UILabel.swift in Sources */ = {isa = PBXBuildFile; fileRef = 76CD12EF2A4EB13D00A0CFD3 /* UILabel.swift */; };
		76CD12F22A4EB7F000A0CFD3 /* ContentCell.swift in Sources */ = {isa = PBXBuildFile; fileRef = 76CD12F12A4EB7F000A0CFD3 /* ContentCell.swift */; };
		76CD12F42A4EBDF400A0CFD3 /* BannerView.swift in Sources */ = {isa = PBXBuildFile; fileRef = 76CD12F32A4EBDF400A0CFD3 /* BannerView.swift */; };
		76CD12F62A4EBF8F00A0CFD3 /* BaseView.swift in Sources */ = {isa = PBXBuildFile; fileRef = 76CD12F52A4EBF8F00A0CFD3 /* BaseView.swift */; };
		76E480B02A52606700C85FDD /* SnapKit in Frameworks */ = {isa = PBXBuildFile; productRef = 76E480AF2A52606700C85FDD /* SnapKit */; };
		76E480B42A5292DC00C85FDD /* UIAction.swift in Sources */ = {isa = PBXBuildFile; fileRef = 76E480B32A5292DC00C85FDD /* UIAction.swift */; };
		76E480B72A5296CC00C85FDD /* PreviewController.swift in Sources */ = {isa = PBXBuildFile; fileRef = 76E480B62A5296CC00C85FDD /* PreviewController.swift */; };
		76E480BA2A52A98600C85FDD /* FavoriteSearchCell.swift in Sources */ = {isa = PBXBuildFile; fileRef = 76E480B92A52A98600C85FDD /* FavoriteSearchCell.swift */; };
		76E480BE2A52B56400C85FDD /* BaseSearchView.swift in Sources */ = {isa = PBXBuildFile; fileRef = 76E480BD2A52B56400C85FDD /* BaseSearchView.swift */; };
/* End PBXBuildFile section */

/* Begin PBXFileReference section */
		76CD12C82A4E9B2500A0CFD3 /* sentence.app */ = {isa = PBXFileReference; explicitFileType = wrapper.application; includeInIndex = 0; path = sentence.app; sourceTree = BUILT_PRODUCTS_DIR; };
		76CD12CB2A4E9B2500A0CFD3 /* AppDelegate.swift */ = {isa = PBXFileReference; lastKnownFileType = sourcecode.swift; path = AppDelegate.swift; sourceTree = "<group>"; };
		76CD12CD2A4E9B2500A0CFD3 /* SceneDelegate.swift */ = {isa = PBXFileReference; lastKnownFileType = sourcecode.swift; path = SceneDelegate.swift; sourceTree = "<group>"; };
		76CD12CF2A4E9B2500A0CFD3 /* HomeViewController.swift */ = {isa = PBXFileReference; lastKnownFileType = sourcecode.swift; path = HomeViewController.swift; sourceTree = "<group>"; };
		76CD12D22A4E9B2500A0CFD3 /* Base */ = {isa = PBXFileReference; lastKnownFileType = file.storyboard; name = Base; path = Base.lproj/Main.storyboard; sourceTree = "<group>"; };
		76CD12D42A4E9B2700A0CFD3 /* Assets.xcassets */ = {isa = PBXFileReference; lastKnownFileType = folder.assetcatalog; path = Assets.xcassets; sourceTree = "<group>"; };
		76CD12D72A4E9B2700A0CFD3 /* Base */ = {isa = PBXFileReference; lastKnownFileType = file.storyboard; name = Base; path = Base.lproj/LaunchScreen.storyboard; sourceTree = "<group>"; };
		76CD12D92A4E9B2700A0CFD3 /* Info.plist */ = {isa = PBXFileReference; lastKnownFileType = text.plist.xml; path = Info.plist; sourceTree = "<group>"; };
		76CD12DF2A4EA1EB00A0CFD3 /* BaseTabBarController.swift */ = {isa = PBXFileReference; lastKnownFileType = sourcecode.swift; path = BaseTabBarController.swift; sourceTree = "<group>"; };
		76CD12E12A4EA6F900A0CFD3 /* BaseViewController.swift */ = {isa = PBXFileReference; lastKnownFileType = sourcecode.swift; path = BaseViewController.swift; sourceTree = "<group>"; };
		76CD12E82A4EA81300A0CFD3 /* SearchViewController.swift */ = {isa = PBXFileReference; lastKnownFileType = sourcecode.swift; path = SearchViewController.swift; sourceTree = "<group>"; };
		76CD12EA2A4EA83500A0CFD3 /* ActiveViewController.swift */ = {isa = PBXFileReference; lastKnownFileType = sourcecode.swift; path = ActiveViewController.swift; sourceTree = "<group>"; };
		76CD12EC2A4EA85200A0CFD3 /* ProfileViewController.swift */ = {isa = PBXFileReference; lastKnownFileType = sourcecode.swift; path = ProfileViewController.swift; sourceTree = "<group>"; };
		76CD12EF2A4EB13D00A0CFD3 /* UILabel.swift */ = {isa = PBXFileReference; lastKnownFileType = sourcecode.swift; path = UILabel.swift; sourceTree = "<group>"; };
		76CD12F12A4EB7F000A0CFD3 /* ContentCell.swift */ = {isa = PBXFileReference; lastKnownFileType = sourcecode.swift; path = ContentCell.swift; sourceTree = "<group>"; };
		76CD12F32A4EBDF400A0CFD3 /* BannerView.swift */ = {isa = PBXFileReference; lastKnownFileType = sourcecode.swift; path = BannerView.swift; sourceTree = "<group>"; };
		76CD12F52A4EBF8F00A0CFD3 /* BaseView.swift */ = {isa = PBXFileReference; lastKnownFileType = sourcecode.swift; path = BaseView.swift; sourceTree = "<group>"; };
		76E480B32A5292DC00C85FDD /* UIAction.swift */ = {isa = PBXFileReference; lastKnownFileType = sourcecode.swift; path = UIAction.swift; sourceTree = "<group>"; };
		76E480B62A5296CC00C85FDD /* PreviewController.swift */ = {isa = PBXFileReference; lastKnownFileType = sourcecode.swift; path = PreviewController.swift; sourceTree = "<group>"; };
		76E480B92A52A98600C85FDD /* FavoriteSearchCell.swift */ = {isa = PBXFileReference; lastKnownFileType = sourcecode.swift; path = FavoriteSearchCell.swift; sourceTree = "<group>"; };
		76E480BD2A52B56400C85FDD /* BaseSearchView.swift */ = {isa = PBXFileReference; lastKnownFileType = sourcecode.swift; path = BaseSearchView.swift; sourceTree = "<group>"; };
/* End PBXFileReference section */

/* Begin PBXFrameworksBuildPhase section */
		76CD12C52A4E9B2500A0CFD3 /* Frameworks */ = {
			isa = PBXFrameworksBuildPhase;
			buildActionMask = 2147483647;
			files = (
				76E480B02A52606700C85FDD /* SnapKit in Frameworks */,
			);
			runOnlyForDeploymentPostprocessing = 0;
		};
/* End PBXFrameworksBuildPhase section */

/* Begin PBXGroup section */
		76CD12BF2A4E9B2500A0CFD3 = {
			isa = PBXGroup;
			children = (
				76CD12CA2A4E9B2500A0CFD3 /* sentence */,
				76CD12C92A4E9B2500A0CFD3 /* Products */,
			);
			sourceTree = "<group>";
		};
		76CD12C92A4E9B2500A0CFD3 /* Products */ = {
			isa = PBXGroup;
			children = (
				76CD12C82A4E9B2500A0CFD3 /* sentence.app */,
			);
			name = Products;
			sourceTree = "<group>";
		};
		76CD12CA2A4E9B2500A0CFD3 /* sentence */ = {
			isa = PBXGroup;
			children = (
				76CD12CB2A4E9B2500A0CFD3 /* AppDelegate.swift */,
				76CD12CD2A4E9B2500A0CFD3 /* SceneDelegate.swift */,
				76CD12EE2A4EB13000A0CFD3 /* Extension */,
				76CD12E32A4EA77900A0CFD3 /* Controller */,
				76E480B12A5290C100C85FDD /* Base */,
				76E480B22A5292C700C85FDD /* Utils */,
				76CD12D12A4E9B2500A0CFD3 /* Main.storyboard */,
				76CD12D42A4E9B2700A0CFD3 /* Assets.xcassets */,
				76CD12D62A4E9B2700A0CFD3 /* LaunchScreen.storyboard */,
				76CD12D92A4E9B2700A0CFD3 /* Info.plist */,
			);
			path = sentence;
			sourceTree = "<group>";
		};
		76CD12E32A4EA77900A0CFD3 /* Controller */ = {
			isa = PBXGroup;
			children = (
				76CD12E72A4EA7FF00A0CFD3 /* Profile */,
				76CD12E62A4EA7EA00A0CFD3 /* Active */,
				76CD12E52A4EA7E100A0CFD3 /* Search */,
				76CD12E42A4EA7DE00A0CFD3 /* Home */,
			);
			path = Controller;
			sourceTree = "<group>";
		};
		76CD12E42A4EA7DE00A0CFD3 /* Home */ = {
			isa = PBXGroup;
			children = (
				76E480B52A5296AE00C85FDD /* View */,
				76CD12CF2A4E9B2500A0CFD3 /* HomeViewController.swift */,
				76E480B62A5296CC00C85FDD /* PreviewController.swift */,
			);
			path = Home;
			sourceTree = "<group>";
		};
		76CD12E52A4EA7E100A0CFD3 /* Search */ = {
			isa = PBXGroup;
			children = (
				76CD12E82A4EA81300A0CFD3 /* SearchViewController.swift */,
				76E480B82A52A96500C85FDD /* View */,
			);
			path = Search;
			sourceTree = "<group>";
		};
		76CD12E62A4EA7EA00A0CFD3 /* Active */ = {
			isa = PBXGroup;
			children = (
				76CD12EA2A4EA83500A0CFD3 /* ActiveViewController.swift */,
			);
			path = Active;
			sourceTree = "<group>";
		};
		76CD12E72A4EA7FF00A0CFD3 /* Profile */ = {
			isa = PBXGroup;
			children = (
				76CD12EC2A4EA85200A0CFD3 /* ProfileViewController.swift */,
			);
			path = Profile;
			sourceTree = "<group>";
		};
		76CD12EE2A4EB13000A0CFD3 /* Extension */ = {
			isa = PBXGroup;
			children = (
				76CD12EF2A4EB13D00A0CFD3 /* UILabel.swift */,
			);
			path = Extension;
			sourceTree = "<group>";
		};
		76E480B12A5290C100C85FDD /* Base */ = {
			isa = PBXGroup;
			children = (
				76CD12DF2A4EA1EB00A0CFD3 /* BaseTabBarController.swift */,
				76CD12F52A4EBF8F00A0CFD3 /* BaseView.swift */,
				76CD12E12A4EA6F900A0CFD3 /* BaseViewController.swift */,
			);
			path = Base;
			sourceTree = "<group>";
		};
		76E480B22A5292C700C85FDD /* Utils */ = {
			isa = PBXGroup;
			children = (
				76E480B32A5292DC00C85FDD /* UIAction.swift */,
			);
			path = Utils;
			sourceTree = "<group>";
		};
		76E480B52A5296AE00C85FDD /* View */ = {
			isa = PBXGroup;
			children = (
				76CD12F32A4EBDF400A0CFD3 /* BannerView.swift */,
				76CD12F12A4EB7F000A0CFD3 /* ContentCell.swift */,
			);
			path = View;
			sourceTree = "<group>";
		};
		76E480B82A52A96500C85FDD /* View */ = {
			isa = PBXGroup;
			children = (
				76E480B92A52A98600C85FDD /* FavoriteSearchCell.swift */,
				76E480BD2A52B56400C85FDD /* BaseSearchView.swift */,
			);
			path = View;
			sourceTree = "<group>";
		};
/* End PBXGroup section */

/* Begin PBXNativeTarget section */
		76CD12C72A4E9B2500A0CFD3 /* sentence */ = {
			isa = PBXNativeTarget;
			buildConfigurationList = 76CD12DC2A4E9B2700A0CFD3 /* Build configuration list for PBXNativeTarget "sentence" */;
			buildPhases = (
				76CD12C42A4E9B2500A0CFD3 /* Sources */,
				76CD12C52A4E9B2500A0CFD3 /* Frameworks */,
				76CD12C62A4E9B2500A0CFD3 /* Resources */,
			);
			buildRules = (
			);
			dependencies = (
			);
			name = sentence;
			packageProductDependencies = (
				76E480AF2A52606700C85FDD /* SnapKit */,
			);
			productName = sentence;
			productReference = 76CD12C82A4E9B2500A0CFD3 /* sentence.app */;
			productType = "com.apple.product-type.application";
		};
/* End PBXNativeTarget section */

/* Begin PBXProject section */
		76CD12C02A4E9B2500A0CFD3 /* Project object */ = {
			isa = PBXProject;
			attributes = {
				BuildIndependentTargetsInParallel = 1;
				LastSwiftUpdateCheck = 1430;
				LastUpgradeCheck = 1430;
				TargetAttributes = {
					76CD12C72A4E9B2500A0CFD3 = {
						CreatedOnToolsVersion = 14.3.1;
					};
				};
			};
			buildConfigurationList = 76CD12C32A4E9B2500A0CFD3 /* Build configuration list for PBXProject "sentence" */;
			compatibilityVersion = "Xcode 9.3";
			developmentRegion = en;
			hasScannedForEncodings = 0;
			knownRegions = (
				en,
				Base,
			);
			mainGroup = 76CD12BF2A4E9B2500A0CFD3;
			packageReferences = (
				76E480AE2A52606700C85FDD /* XCRemoteSwiftPackageReference "SnapKit" */,
			);
			productRefGroup = 76CD12C92A4E9B2500A0CFD3 /* Products */;
			projectDirPath = "";
			projectRoot = "";
			targets = (
				76CD12C72A4E9B2500A0CFD3 /* sentence */,
			);
		};
/* End PBXProject section */

/* Begin PBXResourcesBuildPhase section */
		76CD12C62A4E9B2500A0CFD3 /* Resources */ = {
			isa = PBXResourcesBuildPhase;
			buildActionMask = 2147483647;
			files = (
				76CD12D82A4E9B2700A0CFD3 /* LaunchScreen.storyboard in Resources */,
				76CD12D52A4E9B2700A0CFD3 /* Assets.xcassets in Resources */,
				76CD12D32A4E9B2500A0CFD3 /* Main.storyboard in Resources */,
			);
			runOnlyForDeploymentPostprocessing = 0;
		};
/* End PBXResourcesBuildPhase section */

/* Begin PBXSourcesBuildPhase section */
		76CD12C42A4E9B2500A0CFD3 /* Sources */ = {
			isa = PBXSourcesBuildPhase;
			buildActionMask = 2147483647;
			files = (
				76E480B72A5296CC00C85FDD /* PreviewController.swift in Sources */,
				76CD12E92A4EA81300A0CFD3 /* SearchViewController.swift in Sources */,
				76E480BA2A52A98600C85FDD /* FavoriteSearchCell.swift in Sources */,
				76CD12EB2A4EA83500A0CFD3 /* ActiveViewController.swift in Sources */,
				76CD12F42A4EBDF400A0CFD3 /* BannerView.swift in Sources */,
				76CD12F62A4EBF8F00A0CFD3 /* BaseView.swift in Sources */,
				76CD12E22A4EA6F900A0CFD3 /* BaseViewController.swift in Sources */,
				76CD12E02A4EA1EB00A0CFD3 /* BaseTabBarController.swift in Sources */,
				76CD12F02A4EB13D00A0CFD3 /* UILabel.swift in Sources */,
				76CD12D02A4E9B2500A0CFD3 /* HomeViewController.swift in Sources */,
				76CD12CC2A4E9B2500A0CFD3 /* AppDelegate.swift in Sources */,
				76E480BE2A52B56400C85FDD /* BaseSearchView.swift in Sources */,
				76CD12F22A4EB7F000A0CFD3 /* ContentCell.swift in Sources */,
				76E480B42A5292DC00C85FDD /* UIAction.swift in Sources */,
				76CD12ED2A4EA85200A0CFD3 /* ProfileViewController.swift in Sources */,
				76CD12CE2A4E9B2500A0CFD3 /* SceneDelegate.swift in Sources */,
			);
			runOnlyForDeploymentPostprocessing = 0;
		};
/* End PBXSourcesBuildPhase section */

/* Begin PBXVariantGroup section */
		76CD12D12A4E9B2500A0CFD3 /* Main.storyboard */ = {
			isa = PBXVariantGroup;
			children = (
				76CD12D22A4E9B2500A0CFD3 /* Base */,
			);
			name = Main.storyboard;
			sourceTree = "<group>";
		};
		76CD12D62A4E9B2700A0CFD3 /* LaunchScreen.storyboard */ = {
			isa = PBXVariantGroup;
			children = (
				76CD12D72A4E9B2700A0CFD3 /* Base */,
			);
			name = LaunchScreen.storyboard;
			sourceTree = "<group>";
		};
/* End PBXVariantGroup section */

/* Begin XCBuildConfiguration section */
		76CD12DA2A4E9B2700A0CFD3 /* Debug */ = {
			isa = XCBuildConfiguration;
			buildSettings = {
				ALWAYS_SEARCH_USER_PATHS = NO;
				CLANG_ANALYZER_NONNULL = YES;
				CLANG_ANALYZER_NUMBER_OBJECT_CONVERSION = YES_AGGRESSIVE;
				CLANG_CXX_LANGUAGE_STANDARD = "gnu++20";
				CLANG_ENABLE_MODULES = YES;
				CLANG_ENABLE_OBJC_ARC = YES;
				CLANG_ENABLE_OBJC_WEAK = YES;
				CLANG_WARN_BLOCK_CAPTURE_AUTORELEASING = YES;
				CLANG_WARN_BOOL_CONVERSION = YES;
				CLANG_WARN_COMMA = YES;
				CLANG_WARN_CONSTANT_CONVERSION = YES;
				CLANG_WARN_DEPRECATED_OBJC_IMPLEMENTATIONS = YES;
				CLANG_WARN_DIRECT_OBJC_ISA_USAGE = YES_ERROR;
				CLANG_WARN_DOCUMENTATION_COMMENTS = YES;
				CLANG_WARN_EMPTY_BODY = YES;
				CLANG_WARN_ENUM_CONVERSION = YES;
				CLANG_WARN_INFINITE_RECURSION = YES;
				CLANG_WARN_INT_CONVERSION = YES;
				CLANG_WARN_NON_LITERAL_NULL_CONVERSION = YES;
				CLANG_WARN_OBJC_IMPLICIT_RETAIN_SELF = YES;
				CLANG_WARN_OBJC_LITERAL_CONVERSION = YES;
				CLANG_WARN_OBJC_ROOT_CLASS = YES_ERROR;
				CLANG_WARN_QUOTED_INCLUDE_IN_FRAMEWORK_HEADER = YES;
				CLANG_WARN_RANGE_LOOP_ANALYSIS = YES;
				CLANG_WARN_STRICT_PROTOTYPES = YES;
				CLANG_WARN_SUSPICIOUS_MOVE = YES;
				CLANG_WARN_UNGUARDED_AVAILABILITY = YES_AGGRESSIVE;
				CLANG_WARN_UNREACHABLE_CODE = YES;
				CLANG_WARN__DUPLICATE_METHOD_MATCH = YES;
				COPY_PHASE_STRIP = NO;
				DEBUG_INFORMATION_FORMAT = dwarf;
				ENABLE_STRICT_OBJC_MSGSEND = YES;
				ENABLE_TESTABILITY = YES;
				GCC_C_LANGUAGE_STANDARD = gnu11;
				GCC_DYNAMIC_NO_PIC = NO;
				GCC_NO_COMMON_BLOCKS = YES;
				GCC_OPTIMIZATION_LEVEL = 0;
				GCC_PREPROCESSOR_DEFINITIONS = (
					"DEBUG=1",
					"$(inherited)",
				);
				GCC_WARN_64_TO_32_BIT_CONVERSION = YES;
				GCC_WARN_ABOUT_RETURN_TYPE = YES_ERROR;
				GCC_WARN_UNDECLARED_SELECTOR = YES;
				GCC_WARN_UNINITIALIZED_AUTOS = YES_AGGRESSIVE;
				GCC_WARN_UNUSED_FUNCTION = YES;
				GCC_WARN_UNUSED_VARIABLE = YES;
				IPHONEOS_DEPLOYMENT_TARGET = 16.4;
				MTL_ENABLE_DEBUG_INFO = INCLUDE_SOURCE;
				MTL_FAST_MATH = YES;
				ONLY_ACTIVE_ARCH = YES;
				SDKROOT = iphoneos;
				SWIFT_ACTIVE_COMPILATION_CONDITIONS = DEBUG;
				SWIFT_OPTIMIZATION_LEVEL = "-Onone";
			};
			name = Debug;
		};
		76CD12DB2A4E9B2700A0CFD3 /* Release */ = {
			isa = XCBuildConfiguration;
			buildSettings = {
				ALWAYS_SEARCH_USER_PATHS = NO;
				CLANG_ANALYZER_NONNULL = YES;
				CLANG_ANALYZER_NUMBER_OBJECT_CONVERSION = YES_AGGRESSIVE;
				CLANG_CXX_LANGUAGE_STANDARD = "gnu++20";
				CLANG_ENABLE_MODULES = YES;
				CLANG_ENABLE_OBJC_ARC = YES;
				CLANG_ENABLE_OBJC_WEAK = YES;
				CLANG_WARN_BLOCK_CAPTURE_AUTORELEASING = YES;
				CLANG_WARN_BOOL_CONVERSION = YES;
				CLANG_WARN_COMMA = YES;
				CLANG_WARN_CONSTANT_CONVERSION = YES;
				CLANG_WARN_DEPRECATED_OBJC_IMPLEMENTATIONS = YES;
				CLANG_WARN_DIRECT_OBJC_ISA_USAGE = YES_ERROR;
				CLANG_WARN_DOCUMENTATION_COMMENTS = YES;
				CLANG_WARN_EMPTY_BODY = YES;
				CLANG_WARN_ENUM_CONVERSION = YES;
				CLANG_WARN_INFINITE_RECURSION = YES;
				CLANG_WARN_INT_CONVERSION = YES;
				CLANG_WARN_NON_LITERAL_NULL_CONVERSION = YES;
				CLANG_WARN_OBJC_IMPLICIT_RETAIN_SELF = YES;
				CLANG_WARN_OBJC_LITERAL_CONVERSION = YES;
				CLANG_WARN_OBJC_ROOT_CLASS = YES_ERROR;
				CLANG_WARN_QUOTED_INCLUDE_IN_FRAMEWORK_HEADER = YES;
				CLANG_WARN_RANGE_LOOP_ANALYSIS = YES;
				CLANG_WARN_STRICT_PROTOTYPES = YES;
				CLANG_WARN_SUSPICIOUS_MOVE = YES;
				CLANG_WARN_UNGUARDED_AVAILABILITY = YES_AGGRESSIVE;
				CLANG_WARN_UNREACHABLE_CODE = YES;
				CLANG_WARN__DUPLICATE_METHOD_MATCH = YES;
				COPY_PHASE_STRIP = NO;
				DEBUG_INFORMATION_FORMAT = "dwarf-with-dsym";
				ENABLE_NS_ASSERTIONS = NO;
				ENABLE_STRICT_OBJC_MSGSEND = YES;
				GCC_C_LANGUAGE_STANDARD = gnu11;
				GCC_NO_COMMON_BLOCKS = YES;
				GCC_WARN_64_TO_32_BIT_CONVERSION = YES;
				GCC_WARN_ABOUT_RETURN_TYPE = YES_ERROR;
				GCC_WARN_UNDECLARED_SELECTOR = YES;
				GCC_WARN_UNINITIALIZED_AUTOS = YES_AGGRESSIVE;
				GCC_WARN_UNUSED_FUNCTION = YES;
				GCC_WARN_UNUSED_VARIABLE = YES;
				IPHONEOS_DEPLOYMENT_TARGET = 16.4;
				MTL_ENABLE_DEBUG_INFO = NO;
				MTL_FAST_MATH = YES;
				SDKROOT = iphoneos;
				SWIFT_COMPILATION_MODE = wholemodule;
				SWIFT_OPTIMIZATION_LEVEL = "-O";
				VALIDATE_PRODUCT = YES;
			};
			name = Release;
		};
		76CD12DD2A4E9B2700A0CFD3 /* Debug */ = {
			isa = XCBuildConfiguration;
			buildSettings = {
				ASSETCATALOG_COMPILER_APPICON_NAME = AppIcon;
				ASSETCATALOG_COMPILER_GLOBAL_ACCENT_COLOR_NAME = AccentColor;
				CODE_SIGN_STYLE = Automatic;
				CURRENT_PROJECT_VERSION = 1;
				GENERATE_INFOPLIST_FILE = YES;
				INFOPLIST_FILE = sentence/Info.plist;
				INFOPLIST_KEY_UIApplicationSupportsIndirectInputEvents = YES;
				INFOPLIST_KEY_UILaunchStoryboardName = LaunchScreen;
				INFOPLIST_KEY_UIMainStoryboardFile = Main;
				INFOPLIST_KEY_UISupportedInterfaceOrientations_iPad = "UIInterfaceOrientationPortrait UIInterfaceOrientationPortraitUpsideDown UIInterfaceOrientationLandscapeLeft UIInterfaceOrientationLandscapeRight";
				INFOPLIST_KEY_UISupportedInterfaceOrientations_iPhone = "UIInterfaceOrientationPortrait UIInterfaceOrientationLandscapeLeft UIInterfaceOrientationLandscapeRight";
				LD_RUNPATH_SEARCH_PATHS = (
					"$(inherited)",
					"@executable_path/Frameworks",
				);
				MARKETING_VERSION = 1.0;
				PRODUCT_BUNDLE_IDENTIFIER = com.terry.sentence;
				PRODUCT_NAME = "$(TARGET_NAME)";
				SWIFT_EMIT_LOC_STRINGS = YES;
				SWIFT_VERSION = 5.0;
				TARGETED_DEVICE_FAMILY = "1,2";
			};
			name = Debug;
		};
		76CD12DE2A4E9B2700A0CFD3 /* Release */ = {
			isa = XCBuildConfiguration;
			buildSettings = {
				ASSETCATALOG_COMPILER_APPICON_NAME = AppIcon;
				ASSETCATALOG_COMPILER_GLOBAL_ACCENT_COLOR_NAME = AccentColor;
				CODE_SIGN_STYLE = Automatic;
				CURRENT_PROJECT_VERSION = 1;
				GENERATE_INFOPLIST_FILE = YES;
				INFOPLIST_FILE = sentence/Info.plist;
				INFOPLIST_KEY_UIApplicationSupportsIndirectInputEvents = YES;
				INFOPLIST_KEY_UILaunchStoryboardName = LaunchScreen;
				INFOPLIST_KEY_UIMainStoryboardFile = Main;
				INFOPLIST_KEY_UISupportedInterfaceOrientations_iPad = "UIInterfaceOrientationPortrait UIInterfaceOrientationPortraitUpsideDown UIInterfaceOrientationLandscapeLeft UIInterfaceOrientationLandscapeRight";
				INFOPLIST_KEY_UISupportedInterfaceOrientations_iPhone = "UIInterfaceOrientationPortrait UIInterfaceOrientationLandscapeLeft UIInterfaceOrientationLandscapeRight";
				LD_RUNPATH_SEARCH_PATHS = (
					"$(inherited)",
					"@executable_path/Frameworks",
				);
				MARKETING_VERSION = 1.0;
				PRODUCT_BUNDLE_IDENTIFIER = com.terry.sentence;
				PRODUCT_NAME = "$(TARGET_NAME)";
				SWIFT_EMIT_LOC_STRINGS = YES;
				SWIFT_VERSION = 5.0;
				TARGETED_DEVICE_FAMILY = "1,2";
			};
			name = Release;
		};
/* End XCBuildConfiguration section */

/* Begin XCConfigurationList section */
		76CD12C32A4E9B2500A0CFD3 /* Build configuration list for PBXProject "sentence" */ = {
			isa = XCConfigurationList;
			buildConfigurations = (
				76CD12DA2A4E9B2700A0CFD3 /* Debug */,
				76CD12DB2A4E9B2700A0CFD3 /* Release */,
			);
			defaultConfigurationIsVisible = 0;
			defaultConfigurationName = Release;
		};
		76CD12DC2A4E9B2700A0CFD3 /* Build configuration list for PBXNativeTarget "sentence" */ = {
			isa = XCConfigurationList;
			buildConfigurations = (
				76CD12DD2A4E9B2700A0CFD3 /* Debug */,
				76CD12DE2A4E9B2700A0CFD3 /* Release */,
			);
			defaultConfigurationIsVisible = 0;
			defaultConfigurationName = Release;
		};
/* End XCConfigurationList section */

/* Begin XCRemoteSwiftPackageReference section */
		76E480AE2A52606700C85FDD /* XCRemoteSwiftPackageReference "SnapKit" */ = {
			isa = XCRemoteSwiftPackageReference;
			repositoryURL = "https://github.com/SnapKit/SnapKit.git";
			requirement = {
				kind = upToNextMajorVersion;
				minimumVersion = 5.0.0;
			};
		};
/* End XCRemoteSwiftPackageReference section */

/* Begin XCSwiftPackageProductDependency section */
		76E480AF2A52606700C85FDD /* SnapKit */ = {
			isa = XCSwiftPackageProductDependency;
			package = 76E480AE2A52606700C85FDD /* XCRemoteSwiftPackageReference "SnapKit" */;
			productName = SnapKit;
		};
/* End XCSwiftPackageProductDependency section */
	};
	rootObject = 76CD12C02A4E9B2500A0CFD3 /* Project object */;
}
