// !$*UTF8*$!
{
	archiveVersion = 1;
	classes = {
	};
	objectVersion = 53;
	objects = {

/* Begin PBXBuildFile section */
		76450AAE2A5B987D00132C53 /* StartViewController.swift in Sources */ = {isa = PBXBuildFile; fileRef = 76450AAD2A5B987D00132C53 /* StartViewController.swift */; };
		7696425C2A55077D0016140E /* UploadSentenceCell.swift in Sources */ = {isa = PBXBuildFile; fileRef = 7696425B2A55077D0016140E /* UploadSentenceCell.swift */; };
		7696425F2A551B500016140E /* SentenceViewController.swift in Sources */ = {isa = PBXBuildFile; fileRef = 7696425E2A551B500016140E /* SentenceViewController.swift */; };
		769642622A55303C0016140E /* CommentView.swift in Sources */ = {isa = PBXBuildFile; fileRef = 769642612A55303C0016140E /* CommentView.swift */; };
		769642662A5657190016140E /* EditSentenceViewController.swift in Sources */ = {isa = PBXBuildFile; fileRef = 769642652A5657190016140E /* EditSentenceViewController.swift */; };
		769642692A5699A20016140E /* ColorPalette.swift in Sources */ = {isa = PBXBuildFile; fileRef = 769642682A5699A20016140E /* ColorPalette.swift */; };
		76A4E3A62A5FEE2E00033233 /* UITextField+.swift in Sources */ = {isa = PBXBuildFile; fileRef = 76A4E3A52A5FEE2E00033233 /* UITextField+.swift */; };
		76C19EB82A569D360013ABB1 /* LoginViewController.swift in Sources */ = {isa = PBXBuildFile; fileRef = 76C19EB72A569D360013ABB1 /* LoginViewController.swift */; };
		76C19EBA2A56A20D0013ABB1 /* TermsViewController.swift in Sources */ = {isa = PBXBuildFile; fileRef = 76C19EB92A56A20D0013ABB1 /* TermsViewController.swift */; };
		76C19EBD2A56AB8F0013ABB1 /* SetNameViewController.swift in Sources */ = {isa = PBXBuildFile; fileRef = 76C19EBC2A56AB8F0013ABB1 /* SetNameViewController.swift */; };
		76C898F32A53BA56000F75BF /* UIColor+.swift in Sources */ = {isa = PBXBuildFile; fileRef = 76C898F22A53BA56000F75BF /* UIColor+.swift */; };
		76C898F52A53BC55000F75BF /* SearchSegmentedControl.swift in Sources */ = {isa = PBXBuildFile; fileRef = 76C898F42A53BC55000F75BF /* SearchSegmentedControl.swift */; };
		76C898F82A53EDE1000F75BF /* NotificationViewController.swift in Sources */ = {isa = PBXBuildFile; fileRef = 76C898F72A53EDE1000F75BF /* NotificationViewController.swift */; };
		76C898FB2A53F6CF000F75BF /* ActiveTableViewCell.swift in Sources */ = {isa = PBXBuildFile; fileRef = 76C898FA2A53F6CF000F75BF /* ActiveTableViewCell.swift */; };
		76CD12CC2A4E9B2500A0CFD3 /* AppDelegate.swift in Sources */ = {isa = PBXBuildFile; fileRef = 76CD12CB2A4E9B2500A0CFD3 /* AppDelegate.swift */; };
		76CD12CE2A4E9B2500A0CFD3 /* SceneDelegate.swift in Sources */ = {isa = PBXBuildFile; fileRef = 76CD12CD2A4E9B2500A0CFD3 /* SceneDelegate.swift */; };
		76CD12D02A4E9B2500A0CFD3 /* HomeViewController.swift in Sources */ = {isa = PBXBuildFile; fileRef = 76CD12CF2A4E9B2500A0CFD3 /* HomeViewController.swift */; };
		76CD12D32A4E9B2500A0CFD3 /* Main.storyboard in Resources */ = {isa = PBXBuildFile; fileRef = 76CD12D12A4E9B2500A0CFD3 /* Main.storyboard */; };
		76CD12D52A4E9B2700A0CFD3 /* Assets.xcassets in Resources */ = {isa = PBXBuildFile; fileRef = 76CD12D42A4E9B2700A0CFD3 /* Assets.xcassets */; };
		76CD12D82A4E9B2700A0CFD3 /* LaunchScreen.storyboard in Resources */ = {isa = PBXBuildFile; fileRef = 76CD12D62A4E9B2700A0CFD3 /* LaunchScreen.storyboard */; };
		76CD12E02A4EA1EB00A0CFD3 /* BaseTabBarController.swift in Sources */ = {isa = PBXBuildFile; fileRef = 76CD12DF2A4EA1EB00A0CFD3 /* BaseTabBarController.swift */; };
		76CD12E92A4EA81300A0CFD3 /* SearchViewController.swift in Sources */ = {isa = PBXBuildFile; fileRef = 76CD12E82A4EA81300A0CFD3 /* SearchViewController.swift */; };
		76CD12EB2A4EA83500A0CFD3 /* ActiveViewController.swift in Sources */ = {isa = PBXBuildFile; fileRef = 76CD12EA2A4EA83500A0CFD3 /* ActiveViewController.swift */; };
		76CD12ED2A4EA85200A0CFD3 /* ProfileViewController.swift in Sources */ = {isa = PBXBuildFile; fileRef = 76CD12EC2A4EA85200A0CFD3 /* ProfileViewController.swift */; };
		76CD12F02A4EB13D00A0CFD3 /* LabelComponent.swift in Sources */ = {isa = PBXBuildFile; fileRef = 76CD12EF2A4EB13D00A0CFD3 /* LabelComponent.swift */; };
		76CD12F22A4EB7F000A0CFD3 /* ContentCell.swift in Sources */ = {isa = PBXBuildFile; fileRef = 76CD12F12A4EB7F000A0CFD3 /* ContentCell.swift */; };
		76CD12F42A4EBDF400A0CFD3 /* BannerView.swift in Sources */ = {isa = PBXBuildFile; fileRef = 76CD12F32A4EBDF400A0CFD3 /* BannerView.swift */; };
		76CD12F62A4EBF8F00A0CFD3 /* BaseView.swift in Sources */ = {isa = PBXBuildFile; fileRef = 76CD12F52A4EBF8F00A0CFD3 /* BaseView.swift */; };
		76E480B42A5292DC00C85FDD /* CommonUtils.swift in Sources */ = {isa = PBXBuildFile; fileRef = 76E480B32A5292DC00C85FDD /* CommonUtils.swift */; };
		76E480B72A5296CC00C85FDD /* PreviewController.swift in Sources */ = {isa = PBXBuildFile; fileRef = 76E480B62A5296CC00C85FDD /* PreviewController.swift */; };
		76E480BA2A52A98600C85FDD /* SearchResultCell.swift in Sources */ = {isa = PBXBuildFile; fileRef = 76E480B92A52A98600C85FDD /* SearchResultCell.swift */; };
		76E480BE2A52B56400C85FDD /* BaseSearchView.swift in Sources */ = {isa = PBXBuildFile; fileRef = 76E480BD2A52B56400C85FDD /* BaseSearchView.swift */; };
		76E480C22A53AE6F00C85FDD /* PopularWordCell.swift in Sources */ = {isa = PBXBuildFile; fileRef = 76E480C12A53AE6F00C85FDD /* PopularWordCell.swift */; };
		76EED82E2A735871005D5E4A /* GoogleService-Info.plist in Resources */ = {isa = PBXBuildFile; fileRef = 76EED82D2A735871005D5E4A /* GoogleService-Info.plist */; };
		76EED8312A738243005D5E4A /* NaverLoginManager.swift in Sources */ = {isa = PBXBuildFile; fileRef = 76EED8302A738243005D5E4A /* NaverLoginManager.swift */; };
		A8B2A1CE7652C8F7C68F4B9F /* Pods_sentence.framework in Frameworks */ = {isa = PBXBuildFile; fileRef = 0C9B50DE77A8AC852FD12703 /* Pods_sentence.framework */; };
/* End PBXBuildFile section */

/* Begin PBXFileReference section */
		030812147D3E7AB42C7CC8FB /* Pods-sentence.release.xcconfig */ = {isa = PBXFileReference; includeInIndex = 1; lastKnownFileType = text.xcconfig; name = "Pods-sentence.release.xcconfig"; path = "Target Support Files/Pods-sentence/Pods-sentence.release.xcconfig"; sourceTree = "<group>"; };
		0C9B50DE77A8AC852FD12703 /* Pods_sentence.framework */ = {isa = PBXFileReference; explicitFileType = wrapper.framework; includeInIndex = 0; path = Pods_sentence.framework; sourceTree = BUILT_PRODUCTS_DIR; };
		76450AAD2A5B987D00132C53 /* StartViewController.swift */ = {isa = PBXFileReference; lastKnownFileType = sourcecode.swift; path = StartViewController.swift; sourceTree = "<group>"; };
		7696425B2A55077D0016140E /* UploadSentenceCell.swift */ = {isa = PBXFileReference; lastKnownFileType = sourcecode.swift; path = UploadSentenceCell.swift; sourceTree = "<group>"; };
		7696425E2A551B500016140E /* SentenceViewController.swift */ = {isa = PBXFileReference; lastKnownFileType = sourcecode.swift; path = SentenceViewController.swift; sourceTree = "<group>"; };
		769642612A55303C0016140E /* CommentView.swift */ = {isa = PBXFileReference; lastKnownFileType = sourcecode.swift; path = CommentView.swift; sourceTree = "<group>"; };
		769642652A5657190016140E /* EditSentenceViewController.swift */ = {isa = PBXFileReference; lastKnownFileType = sourcecode.swift; path = EditSentenceViewController.swift; sourceTree = "<group>"; };
		769642682A5699A20016140E /* ColorPalette.swift */ = {isa = PBXFileReference; lastKnownFileType = sourcecode.swift; path = ColorPalette.swift; sourceTree = "<group>"; };
		76A4E3A52A5FEE2E00033233 /* UITextField+.swift */ = {isa = PBXFileReference; lastKnownFileType = sourcecode.swift; path = "UITextField+.swift"; sourceTree = "<group>"; };
		76C19EB72A569D360013ABB1 /* LoginViewController.swift */ = {isa = PBXFileReference; lastKnownFileType = sourcecode.swift; path = LoginViewController.swift; sourceTree = "<group>"; };
		76C19EB92A56A20D0013ABB1 /* TermsViewController.swift */ = {isa = PBXFileReference; lastKnownFileType = sourcecode.swift; path = TermsViewController.swift; sourceTree = "<group>"; };
		76C19EBC2A56AB8F0013ABB1 /* SetNameViewController.swift */ = {isa = PBXFileReference; lastKnownFileType = sourcecode.swift; path = SetNameViewController.swift; sourceTree = "<group>"; };
		76C898F22A53BA56000F75BF /* UIColor+.swift */ = {isa = PBXFileReference; lastKnownFileType = sourcecode.swift; path = "UIColor+.swift"; sourceTree = "<group>"; };
		76C898F42A53BC55000F75BF /* SearchSegmentedControl.swift */ = {isa = PBXFileReference; lastKnownFileType = sourcecode.swift; path = SearchSegmentedControl.swift; sourceTree = "<group>"; };
		76C898F72A53EDE1000F75BF /* NotificationViewController.swift */ = {isa = PBXFileReference; lastKnownFileType = sourcecode.swift; path = NotificationViewController.swift; sourceTree = "<group>"; };
		76C898FA2A53F6CF000F75BF /* ActiveTableViewCell.swift */ = {isa = PBXFileReference; lastKnownFileType = sourcecode.swift; path = ActiveTableViewCell.swift; sourceTree = "<group>"; };
		76CD12C82A4E9B2500A0CFD3 /* sentence.app */ = {isa = PBXFileReference; explicitFileType = wrapper.application; includeInIndex = 0; path = sentence.app; sourceTree = BUILT_PRODUCTS_DIR; };
		76CD12CB2A4E9B2500A0CFD3 /* AppDelegate.swift */ = {isa = PBXFileReference; lastKnownFileType = sourcecode.swift; path = AppDelegate.swift; sourceTree = "<group>"; };
		76CD12CD2A4E9B2500A0CFD3 /* SceneDelegate.swift */ = {isa = PBXFileReference; lastKnownFileType = sourcecode.swift; path = SceneDelegate.swift; sourceTree = "<group>"; };
		76CD12CF2A4E9B2500A0CFD3 /* HomeViewController.swift */ = {isa = PBXFileReference; lastKnownFileType = sourcecode.swift; path = HomeViewController.swift; sourceTree = "<group>"; };
		76CD12D22A4E9B2500A0CFD3 /* Base */ = {isa = PBXFileReference; lastKnownFileType = file.storyboard; name = Base; path = Base.lproj/Main.storyboard; sourceTree = "<group>"; };
		76CD12D42A4E9B2700A0CFD3 /* Assets.xcassets */ = {isa = PBXFileReference; lastKnownFileType = folder.assetcatalog; path = Assets.xcassets; sourceTree = "<group>"; };
		76CD12D72A4E9B2700A0CFD3 /* Base */ = {isa = PBXFileReference; lastKnownFileType = file.storyboard; name = Base; path = Base.lproj/LaunchScreen.storyboard; sourceTree = "<group>"; };
		76CD12D92A4E9B2700A0CFD3 /* Info.plist */ = {isa = PBXFileReference; lastKnownFileType = text.plist.xml; path = Info.plist; sourceTree = "<group>"; };
		76CD12DF2A4EA1EB00A0CFD3 /* BaseTabBarController.swift */ = {isa = PBXFileReference; lastKnownFileType = sourcecode.swift; path = BaseTabBarController.swift; sourceTree = "<group>"; };
		76CD12E82A4EA81300A0CFD3 /* SearchViewController.swift */ = {isa = PBXFileReference; lastKnownFileType = sourcecode.swift; path = SearchViewController.swift; sourceTree = "<group>"; };
		76CD12EA2A4EA83500A0CFD3 /* ActiveViewController.swift */ = {isa = PBXFileReference; lastKnownFileType = sourcecode.swift; path = ActiveViewController.swift; sourceTree = "<group>"; };
		76CD12EC2A4EA85200A0CFD3 /* ProfileViewController.swift */ = {isa = PBXFileReference; lastKnownFileType = sourcecode.swift; path = ProfileViewController.swift; sourceTree = "<group>"; };
		76CD12EF2A4EB13D00A0CFD3 /* LabelComponent.swift */ = {isa = PBXFileReference; lastKnownFileType = sourcecode.swift; path = LabelComponent.swift; sourceTree = "<group>"; };
		76CD12F12A4EB7F000A0CFD3 /* ContentCell.swift */ = {isa = PBXFileReference; lastKnownFileType = sourcecode.swift; path = ContentCell.swift; sourceTree = "<group>"; };
		76CD12F32A4EBDF400A0CFD3 /* BannerView.swift */ = {isa = PBXFileReference; lastKnownFileType = sourcecode.swift; path = BannerView.swift; sourceTree = "<group>"; };
		76CD12F52A4EBF8F00A0CFD3 /* BaseView.swift */ = {isa = PBXFileReference; lastKnownFileType = sourcecode.swift; path = BaseView.swift; sourceTree = "<group>"; };
		76E480B32A5292DC00C85FDD /* CommonUtils.swift */ = {isa = PBXFileReference; lastKnownFileType = sourcecode.swift; path = CommonUtils.swift; sourceTree = "<group>"; };
		76E480B62A5296CC00C85FDD /* PreviewController.swift */ = {isa = PBXFileReference; lastKnownFileType = sourcecode.swift; path = PreviewController.swift; sourceTree = "<group>"; };
		76E480B92A52A98600C85FDD /* SearchResultCell.swift */ = {isa = PBXFileReference; lastKnownFileType = sourcecode.swift; path = SearchResultCell.swift; sourceTree = "<group>"; };
		76E480BD2A52B56400C85FDD /* BaseSearchView.swift */ = {isa = PBXFileReference; lastKnownFileType = sourcecode.swift; path = BaseSearchView.swift; sourceTree = "<group>"; };
		76E480C12A53AE6F00C85FDD /* PopularWordCell.swift */ = {isa = PBXFileReference; lastKnownFileType = sourcecode.swift; path = PopularWordCell.swift; sourceTree = "<group>"; };
		76EED82D2A735871005D5E4A /* GoogleService-Info.plist */ = {isa = PBXFileReference; fileEncoding = 4; lastKnownFileType = text.plist.xml; path = "GoogleService-Info.plist"; sourceTree = "<group>"; };
		76EED8302A738243005D5E4A /* NaverLoginManager.swift */ = {isa = PBXFileReference; lastKnownFileType = sourcecode.swift; path = NaverLoginManager.swift; sourceTree = "<group>"; };
		B998897B44C0F4A401296BA3 /* Pods-sentence.debug.xcconfig */ = {isa = PBXFileReference; includeInIndex = 1; lastKnownFileType = text.xcconfig; name = "Pods-sentence.debug.xcconfig"; path = "Target Support Files/Pods-sentence/Pods-sentence.debug.xcconfig"; sourceTree = "<group>"; };
/* End PBXFileReference section */

/* Begin PBXFrameworksBuildPhase section */
		76CD12C52A4E9B2500A0CFD3 /* Frameworks */ = {
			isa = PBXFrameworksBuildPhase;
			buildActionMask = 2147483647;
			files = (
				A8B2A1CE7652C8F7C68F4B9F /* Pods_sentence.framework in Frameworks */,
			);
			runOnlyForDeploymentPostprocessing = 0;
		};
/* End PBXFrameworksBuildPhase section */

/* Begin PBXGroup section */
		6756F76DB7E935E2954ED7CB /* Frameworks */ = {
			isa = PBXGroup;
			children = (
				0C9B50DE77A8AC852FD12703 /* Pods_sentence.framework */,
			);
			name = Frameworks;
			sourceTree = "<group>";
		};
		7696425A2A5507560016140E /* View */ = {
			isa = PBXGroup;
			children = (
				7696425B2A55077D0016140E /* UploadSentenceCell.swift */,
			);
			path = View;
			sourceTree = "<group>";
		};
		7696425D2A551B400016140E /* Sentence */ = {
			isa = PBXGroup;
			children = (
				769642632A5530DB0016140E /* View */,
				7696425E2A551B500016140E /* SentenceViewController.swift */,
				769642652A5657190016140E /* EditSentenceViewController.swift */,
			);
			path = Sentence;
			sourceTree = "<group>";
		};
		769642602A5530250016140E /* Comment */ = {
			isa = PBXGroup;
			children = (
				769642612A55303C0016140E /* CommentView.swift */,
			);
			path = Comment;
			sourceTree = "<group>";
		};
		769642632A5530DB0016140E /* View */ = {
			isa = PBXGroup;
			children = (
			);
			path = View;
			sourceTree = "<group>";
		};
		769642672A5699400016140E /* Resource */ = {
			isa = PBXGroup;
			children = (
				769642682A5699A20016140E /* ColorPalette.swift */,
			);
			path = Resource;
			sourceTree = "<group>";
		};
		76C19EB52A569D2A0013ABB1 /* Login */ = {
			isa = PBXGroup;
			children = (
				76C19EB72A569D360013ABB1 /* LoginViewController.swift */,
				76C19EB92A56A20D0013ABB1 /* TermsViewController.swift */,
				76C19EBC2A56AB8F0013ABB1 /* SetNameViewController.swift */,
				76450AAD2A5B987D00132C53 /* StartViewController.swift */,
			);
			path = Login;
			sourceTree = "<group>";
		};
		76C19EBB2A56A5850013ABB1 /* Component */ = {
			isa = PBXGroup;
			children = (
				76CD12EF2A4EB13D00A0CFD3 /* LabelComponent.swift */,
			);
			path = Component;
			sourceTree = "<group>";
		};
		76C898F62A53EDB7000F75BF /* Notification */ = {
			isa = PBXGroup;
			children = (
				76C898F72A53EDE1000F75BF /* NotificationViewController.swift */,
			);
			path = Notification;
			sourceTree = "<group>";
		};
		76C898F92A53F6C3000F75BF /* View */ = {
			isa = PBXGroup;
			children = (
				76C898FA2A53F6CF000F75BF /* ActiveTableViewCell.swift */,
			);
			path = View;
			sourceTree = "<group>";
		};
		76CD12BF2A4E9B2500A0CFD3 = {
			isa = PBXGroup;
			children = (
				76CD12CA2A4E9B2500A0CFD3 /* sentence */,
				76CD12C92A4E9B2500A0CFD3 /* Products */,
				A3E4B9C9F3F081E2310445A8 /* Pods */,
				6756F76DB7E935E2954ED7CB /* Frameworks */,
			);
			sourceTree = "<group>";
		};
		76CD12C92A4E9B2500A0CFD3 /* Products */ = {
			isa = PBXGroup;
			children = (
				76CD12C82A4E9B2500A0CFD3 /* sentence.app */,
			);
			name = Products;
			sourceTree = "<group>";
		};
		76CD12CA2A4E9B2500A0CFD3 /* sentence */ = {
			isa = PBXGroup;
			children = (
				76EED82F2A73821C005D5E4A /* ThirdParty */,
				76EED82D2A735871005D5E4A /* GoogleService-Info.plist */,
				76CD12CB2A4E9B2500A0CFD3 /* AppDelegate.swift */,
				76CD12CD2A4E9B2500A0CFD3 /* SceneDelegate.swift */,
				76C19EBB2A56A5850013ABB1 /* Component */,
				76CD12EE2A4EB13000A0CFD3 /* Extension */,
				76CD12E32A4EA77900A0CFD3 /* Controller */,
				76E480B12A5290C100C85FDD /* Base */,
				76E480B22A5292C700C85FDD /* Utils */,
				769642672A5699400016140E /* Resource */,
				76CD12D12A4E9B2500A0CFD3 /* Main.storyboard */,
				76CD12D42A4E9B2700A0CFD3 /* Assets.xcassets */,
				76CD12D62A4E9B2700A0CFD3 /* LaunchScreen.storyboard */,
				76CD12D92A4E9B2700A0CFD3 /* Info.plist */,
			);
			path = sentence;
			sourceTree = "<group>";
		};
		76CD12E32A4EA77900A0CFD3 /* Controller */ = {
			isa = PBXGroup;
			children = (
				76C19EB52A569D2A0013ABB1 /* Login */,
				769642602A5530250016140E /* Comment */,
				7696425D2A551B400016140E /* Sentence */,
				76C898F62A53EDB7000F75BF /* Notification */,
				76CD12E72A4EA7FF00A0CFD3 /* Profile */,
				76CD12E62A4EA7EA00A0CFD3 /* Active */,
				76CD12E52A4EA7E100A0CFD3 /* Search */,
				76CD12E42A4EA7DE00A0CFD3 /* Home */,
			);
			path = Controller;
			sourceTree = "<group>";
		};
		76CD12E42A4EA7DE00A0CFD3 /* Home */ = {
			isa = PBXGroup;
			children = (
				76CD12CF2A4E9B2500A0CFD3 /* HomeViewController.swift */,
				76E480B62A5296CC00C85FDD /* PreviewController.swift */,
				76E480B52A5296AE00C85FDD /* View */,
			);
			path = Home;
			sourceTree = "<group>";
		};
		76CD12E52A4EA7E100A0CFD3 /* Search */ = {
			isa = PBXGroup;
			children = (
				76CD12E82A4EA81300A0CFD3 /* SearchViewController.swift */,
				76E480B82A52A96500C85FDD /* View */,
			);
			path = Search;
			sourceTree = "<group>";
		};
		76CD12E62A4EA7EA00A0CFD3 /* Active */ = {
			isa = PBXGroup;
			children = (
				76CD12EA2A4EA83500A0CFD3 /* ActiveViewController.swift */,
				76C898F92A53F6C3000F75BF /* View */,
			);
			path = Active;
			sourceTree = "<group>";
		};
		76CD12E72A4EA7FF00A0CFD3 /* Profile */ = {
			isa = PBXGroup;
			children = (
				76CD12EC2A4EA85200A0CFD3 /* ProfileViewController.swift */,
				7696425A2A5507560016140E /* View */,
			);
			path = Profile;
			sourceTree = "<group>";
		};
		76CD12EE2A4EB13000A0CFD3 /* Extension */ = {
			isa = PBXGroup;
			children = (
				76C898F22A53BA56000F75BF /* UIColor+.swift */,
				76A4E3A52A5FEE2E00033233 /* UITextField+.swift */,
			);
			path = Extension;
			sourceTree = "<group>";
		};
		76E480B12A5290C100C85FDD /* Base */ = {
			isa = PBXGroup;
			children = (
				76CD12DF2A4EA1EB00A0CFD3 /* BaseTabBarController.swift */,
				76CD12F52A4EBF8F00A0CFD3 /* BaseView.swift */,
			);
			path = Base;
			sourceTree = "<group>";
		};
		76E480B22A5292C700C85FDD /* Utils */ = {
			isa = PBXGroup;
			children = (
				76E480B32A5292DC00C85FDD /* CommonUtils.swift */,
			);
			path = Utils;
			sourceTree = "<group>";
		};
		76E480B52A5296AE00C85FDD /* View */ = {
			isa = PBXGroup;
			children = (
				76CD12F32A4EBDF400A0CFD3 /* BannerView.swift */,
				76CD12F12A4EB7F000A0CFD3 /* ContentCell.swift */,
			);
			path = View;
			sourceTree = "<group>";
		};
		76E480B82A52A96500C85FDD /* View */ = {
			isa = PBXGroup;
			children = (
				76E480BD2A52B56400C85FDD /* BaseSearchView.swift */,
				76E480C12A53AE6F00C85FDD /* PopularWordCell.swift */,
				76E480B92A52A98600C85FDD /* SearchResultCell.swift */,
				76C898F42A53BC55000F75BF /* SearchSegmentedControl.swift */,
			);
			path = View;
			sourceTree = "<group>";
		};
		76EED82F2A73821C005D5E4A /* ThirdParty */ = {
			isa = PBXGroup;
			children = (
				76EED8302A738243005D5E4A /* NaverLoginManager.swift */,
			);
			path = ThirdParty;
			sourceTree = "<group>";
		};
		A3E4B9C9F3F081E2310445A8 /* Pods */ = {
			isa = PBXGroup;
			children = (
				B998897B44C0F4A401296BA3 /* Pods-sentence.debug.xcconfig */,
				030812147D3E7AB42C7CC8FB /* Pods-sentence.release.xcconfig */,
			);
			path = Pods;
			sourceTree = "<group>";
		};
/* End PBXGroup section */

/* Begin PBXNativeTarget section */
		76CD12C72A4E9B2500A0CFD3 /* sentence */ = {
			isa = PBXNativeTarget;
			buildConfigurationList = 76CD12DC2A4E9B2700A0CFD3 /* Build configuration list for PBXNativeTarget "sentence" */;
			buildPhases = (
				29D4A155E2D2BF23C61609EC /* [CP] Check Pods Manifest.lock */,
				76CD12C42A4E9B2500A0CFD3 /* Sources */,
				76CD12C52A4E9B2500A0CFD3 /* Frameworks */,
				76CD12C62A4E9B2500A0CFD3 /* Resources */,
				31E83C99B3B88A14978E7DBE /* [CP] Embed Pods Frameworks */,
			);
			buildRules = (
			);
			dependencies = (
			);
			name = sentence;
			productName = sentence;
			productReference = 76CD12C82A4E9B2500A0CFD3 /* sentence.app */;
			productType = "com.apple.product-type.application";
		};
/* End PBXNativeTarget section */

/* Begin PBXProject section */
		76CD12C02A4E9B2500A0CFD3 /* Project object */ = {
			isa = PBXProject;
			attributes = {
				BuildIndependentTargetsInParallel = 1;
				LastSwiftUpdateCheck = 1430;
				LastUpgradeCheck = 1430;
				TargetAttributes = {
					76CD12C72A4E9B2500A0CFD3 = {
						CreatedOnToolsVersion = 14.3.1;
					};
				};
			};
			buildConfigurationList = 76CD12C32A4E9B2500A0CFD3 /* Build configuration list for PBXProject "sentence" */;
			compatibilityVersion = "Xcode 9.3";
			developmentRegion = en;
			hasScannedForEncodings = 0;
			knownRegions = (
				en,
				Base,
			);
			mainGroup = 76CD12BF2A4E9B2500A0CFD3;
			productRefGroup = 76CD12C92A4E9B2500A0CFD3 /* Products */;
			projectDirPath = "";
			projectRoot = "";
			targets = (
				76CD12C72A4E9B2500A0CFD3 /* sentence */,
			);
		};
/* End PBXProject section */

/* Begin PBXResourcesBuildPhase section */
		76CD12C62A4E9B2500A0CFD3 /* Resources */ = {
			isa = PBXResourcesBuildPhase;
			buildActionMask = 2147483647;
			files = (
				76CD12D82A4E9B2700A0CFD3 /* LaunchScreen.storyboard in Resources */,
				76EED82E2A735871005D5E4A /* GoogleService-Info.plist in Resources */,
				76CD12D52A4E9B2700A0CFD3 /* Assets.xcassets in Resources */,
				76CD12D32A4E9B2500A0CFD3 /* Main.storyboard in Resources */,
			);
			runOnlyForDeploymentPostprocessing = 0;
		};
/* End PBXResourcesBuildPhase section */

/* Begin PBXShellScriptBuildPhase section */
		29D4A155E2D2BF23C61609EC /* [CP] Check Pods Manifest.lock */ = {
			isa = PBXShellScriptBuildPhase;
			buildActionMask = 2147483647;
			files = (
			);
			inputFileListPaths = (
			);
			inputPaths = (
				"${PODS_PODFILE_DIR_PATH}/Podfile.lock",
				"${PODS_ROOT}/Manifest.lock",
			);
			name = "[CP] Check Pods Manifest.lock";
			outputFileListPaths = (
			);
			outputPaths = (
				"$(DERIVED_FILE_DIR)/Pods-sentence-checkManifestLockResult.txt",
			);
			runOnlyForDeploymentPostprocessing = 0;
			shellPath = /bin/sh;
			shellScript = "diff \"${PODS_PODFILE_DIR_PATH}/Podfile.lock\" \"${PODS_ROOT}/Manifest.lock\" > /dev/null\nif [ $? != 0 ] ; then\n    # print error to STDERR\n    echo \"error: The sandbox is not in sync with the Podfile.lock. Run 'pod install' or update your CocoaPods installation.\" >&2\n    exit 1\nfi\n# This output is used by Xcode 'outputs' to avoid re-running this script phase.\necho \"SUCCESS\" > \"${SCRIPT_OUTPUT_FILE_0}\"\n";
			showEnvVarsInLog = 0;
		};
		31E83C99B3B88A14978E7DBE /* [CP] Embed Pods Frameworks */ = {
			isa = PBXShellScriptBuildPhase;
			buildActionMask = 2147483647;
			files = (
			);
			inputFileListPaths = (
				"${PODS_ROOT}/Target Support Files/Pods-sentence/Pods-sentence-frameworks-${CONFIGURATION}-input-files.xcfilelist",
			);
			name = "[CP] Embed Pods Frameworks";
			outputFileListPaths = (
				"${PODS_ROOT}/Target Support Files/Pods-sentence/Pods-sentence-frameworks-${CONFIGURATION}-output-files.xcfilelist",
			);
			runOnlyForDeploymentPostprocessing = 0;
			shellPath = /bin/sh;
			shellScript = "\"${PODS_ROOT}/Target Support Files/Pods-sentence/Pods-sentence-frameworks.sh\"\n";
			showEnvVarsInLog = 0;
		};
/* End PBXShellScriptBuildPhase section */

/* Begin PBXSourcesBuildPhase section */
		76CD12C42A4E9B2500A0CFD3 /* Sources */ = {
			isa = PBXSourcesBuildPhase;
			buildActionMask = 2147483647;
			files = (
				76E480B72A5296CC00C85FDD /* PreviewController.swift in Sources */,
				76CD12E92A4EA81300A0CFD3 /* SearchViewController.swift in Sources */,
				76450AAE2A5B987D00132C53 /* StartViewController.swift in Sources */,
				769642662A5657190016140E /* EditSentenceViewController.swift in Sources */,
				76E480BA2A52A98600C85FDD /* SearchResultCell.swift in Sources */,
				76EED8312A738243005D5E4A /* NaverLoginManager.swift in Sources */,
				76C19EBA2A56A20D0013ABB1 /* TermsViewController.swift in Sources */,
				76CD12EB2A4EA83500A0CFD3 /* ActiveViewController.swift in Sources */,
				76CD12F42A4EBDF400A0CFD3 /* BannerView.swift in Sources */,
				76CD12F62A4EBF8F00A0CFD3 /* BaseView.swift in Sources */,
				76CD12E02A4EA1EB00A0CFD3 /* BaseTabBarController.swift in Sources */,
				76CD12F02A4EB13D00A0CFD3 /* LabelComponent.swift in Sources */,
				76A4E3A62A5FEE2E00033233 /* UITextField+.swift in Sources */,
				76CD12D02A4E9B2500A0CFD3 /* HomeViewController.swift in Sources */,
				769642692A5699A20016140E /* ColorPalette.swift in Sources */,
				7696425C2A55077D0016140E /* UploadSentenceCell.swift in Sources */,
				76C898F82A53EDE1000F75BF /* NotificationViewController.swift in Sources */,
				76C898F52A53BC55000F75BF /* SearchSegmentedControl.swift in Sources */,
				76CD12CC2A4E9B2500A0CFD3 /* AppDelegate.swift in Sources */,
				76E480BE2A52B56400C85FDD /* BaseSearchView.swift in Sources */,
				76E480C22A53AE6F00C85FDD /* PopularWordCell.swift in Sources */,
				76C898FB2A53F6CF000F75BF /* ActiveTableViewCell.swift in Sources */,
				76CD12F22A4EB7F000A0CFD3 /* ContentCell.swift in Sources */,
				76E480B42A5292DC00C85FDD /* CommonUtils.swift in Sources */,
				76CD12ED2A4EA85200A0CFD3 /* ProfileViewController.swift in Sources */,
				76C19EBD2A56AB8F0013ABB1 /* SetNameViewController.swift in Sources */,
				76CD12CE2A4E9B2500A0CFD3 /* SceneDelegate.swift in Sources */,
				76C898F32A53BA56000F75BF /* UIColor+.swift in Sources */,
				7696425F2A551B500016140E /* SentenceViewController.swift in Sources */,
				76C19EB82A569D360013ABB1 /* LoginViewController.swift in Sources */,
				769642622A55303C0016140E /* CommentView.swift in Sources */,
			);
			runOnlyForDeploymentPostprocessing = 0;
		};
/* End PBXSourcesBuildPhase section */

/* Begin PBXVariantGroup section */
		76CD12D12A4E9B2500A0CFD3 /* Main.storyboard */ = {
			isa = PBXVariantGroup;
			children = (
				76CD12D22A4E9B2500A0CFD3 /* Base */,
			);
			name = Main.storyboard;
			sourceTree = "<group>";
		};
		76CD12D62A4E9B2700A0CFD3 /* LaunchScreen.storyboard */ = {
			isa = PBXVariantGroup;
			children = (
				76CD12D72A4E9B2700A0CFD3 /* Base */,
			);
			name = LaunchScreen.storyboard;
			sourceTree = "<group>";
		};
/* End PBXVariantGroup section */

/* Begin XCBuildConfiguration section */
		76CD12DA2A4E9B2700A0CFD3 /* Debug */ = {
			isa = XCBuildConfiguration;
			buildSettings = {
				ALWAYS_SEARCH_USER_PATHS = NO;
				CLANG_ANALYZER_NONNULL = YES;
				CLANG_ANALYZER_NUMBER_OBJECT_CONVERSION = YES_AGGRESSIVE;
				CLANG_CXX_LANGUAGE_STANDARD = "gnu++20";
				CLANG_ENABLE_MODULES = YES;
				CLANG_ENABLE_OBJC_ARC = YES;
				CLANG_ENABLE_OBJC_WEAK = YES;
				CLANG_WARN_BLOCK_CAPTURE_AUTORELEASING = YES;
				CLANG_WARN_BOOL_CONVERSION = YES;
				CLANG_WARN_COMMA = YES;
				CLANG_WARN_CONSTANT_CONVERSION = YES;
				CLANG_WARN_DEPRECATED_OBJC_IMPLEMENTATIONS = YES;
				CLANG_WARN_DIRECT_OBJC_ISA_USAGE = YES_ERROR;
				CLANG_WARN_DOCUMENTATION_COMMENTS = YES;
				CLANG_WARN_EMPTY_BODY = YES;
				CLANG_WARN_ENUM_CONVERSION = YES;
				CLANG_WARN_INFINITE_RECURSION = YES;
				CLANG_WARN_INT_CONVERSION = YES;
				CLANG_WARN_NON_LITERAL_NULL_CONVERSION = YES;
				CLANG_WARN_OBJC_IMPLICIT_RETAIN_SELF = YES;
				CLANG_WARN_OBJC_LITERAL_CONVERSION = YES;
				CLANG_WARN_OBJC_ROOT_CLASS = YES_ERROR;
				CLANG_WARN_QUOTED_INCLUDE_IN_FRAMEWORK_HEADER = YES;
				CLANG_WARN_RANGE_LOOP_ANALYSIS = YES;
				CLANG_WARN_STRICT_PROTOTYPES = YES;
				CLANG_WARN_SUSPICIOUS_MOVE = YES;
				CLANG_WARN_UNGUARDED_AVAILABILITY = YES_AGGRESSIVE;
				CLANG_WARN_UNREACHABLE_CODE = YES;
				CLANG_WARN__DUPLICATE_METHOD_MATCH = YES;
				COPY_PHASE_STRIP = NO;
				DEBUG_INFORMATION_FORMAT = dwarf;
				ENABLE_STRICT_OBJC_MSGSEND = YES;
				ENABLE_TESTABILITY = YES;
				GCC_C_LANGUAGE_STANDARD = gnu11;
				GCC_DYNAMIC_NO_PIC = NO;
				GCC_NO_COMMON_BLOCKS = YES;
				GCC_OPTIMIZATION_LEVEL = 0;
				GCC_PREPROCESSOR_DEFINITIONS = (
					"DEBUG=1",
					"$(inherited)",
				);
				GCC_WARN_64_TO_32_BIT_CONVERSION = YES;
				GCC_WARN_ABOUT_RETURN_TYPE = YES_ERROR;
				GCC_WARN_UNDECLARED_SELECTOR = YES;
				GCC_WARN_UNINITIALIZED_AUTOS = YES_AGGRESSIVE;
				GCC_WARN_UNUSED_FUNCTION = YES;
				GCC_WARN_UNUSED_VARIABLE = YES;
				IPHONEOS_DEPLOYMENT_TARGET = 16.4;
				MTL_ENABLE_DEBUG_INFO = INCLUDE_SOURCE;
				MTL_FAST_MATH = YES;
				ONLY_ACTIVE_ARCH = YES;
				SDKROOT = iphoneos;
				SWIFT_ACTIVE_COMPILATION_CONDITIONS = DEBUG;
				SWIFT_OPTIMIZATION_LEVEL = "-Onone";
			};
			name = Debug;
		};
		76CD12DB2A4E9B2700A0CFD3 /* Release */ = {
			isa = XCBuildConfiguration;
			buildSettings = {
				ALWAYS_SEARCH_USER_PATHS = NO;
				CLANG_ANALYZER_NONNULL = YES;
				CLANG_ANALYZER_NUMBER_OBJECT_CONVERSION = YES_AGGRESSIVE;
				CLANG_CXX_LANGUAGE_STANDARD = "gnu++20";
				CLANG_ENABLE_MODULES = YES;
				CLANG_ENABLE_OBJC_ARC = YES;
				CLANG_ENABLE_OBJC_WEAK = YES;
				CLANG_WARN_BLOCK_CAPTURE_AUTORELEASING = YES;
				CLANG_WARN_BOOL_CONVERSION = YES;
				CLANG_WARN_COMMA = YES;
				CLANG_WARN_CONSTANT_CONVERSION = YES;
				CLANG_WARN_DEPRECATED_OBJC_IMPLEMENTATIONS = YES;
				CLANG_WARN_DIRECT_OBJC_ISA_USAGE = YES_ERROR;
				CLANG_WARN_DOCUMENTATION_COMMENTS = YES;
				CLANG_WARN_EMPTY_BODY = YES;
				CLANG_WARN_ENUM_CONVERSION = YES;
				CLANG_WARN_INFINITE_RECURSION = YES;
				CLANG_WARN_INT_CONVERSION = YES;
				CLANG_WARN_NON_LITERAL_NULL_CONVERSION = YES;
				CLANG_WARN_OBJC_IMPLICIT_RETAIN_SELF = YES;
				CLANG_WARN_OBJC_LITERAL_CONVERSION = YES;
				CLANG_WARN_OBJC_ROOT_CLASS = YES_ERROR;
				CLANG_WARN_QUOTED_INCLUDE_IN_FRAMEWORK_HEADER = YES;
				CLANG_WARN_RANGE_LOOP_ANALYSIS = YES;
				CLANG_WARN_STRICT_PROTOTYPES = YES;
				CLANG_WARN_SUSPICIOUS_MOVE = YES;
				CLANG_WARN_UNGUARDED_AVAILABILITY = YES_AGGRESSIVE;
				CLANG_WARN_UNREACHABLE_CODE = YES;
				CLANG_WARN__DUPLICATE_METHOD_MATCH = YES;
				COPY_PHASE_STRIP = NO;
				DEBUG_INFORMATION_FORMAT = "dwarf-with-dsym";
				ENABLE_NS_ASSERTIONS = NO;
				ENABLE_STRICT_OBJC_MSGSEND = YES;
				GCC_C_LANGUAGE_STANDARD = gnu11;
				GCC_NO_COMMON_BLOCKS = YES;
				GCC_WARN_64_TO_32_BIT_CONVERSION = YES;
				GCC_WARN_ABOUT_RETURN_TYPE = YES_ERROR;
				GCC_WARN_UNDECLARED_SELECTOR = YES;
				GCC_WARN_UNINITIALIZED_AUTOS = YES_AGGRESSIVE;
				GCC_WARN_UNUSED_FUNCTION = YES;
				GCC_WARN_UNUSED_VARIABLE = YES;
				IPHONEOS_DEPLOYMENT_TARGET = 16.4;
				MTL_ENABLE_DEBUG_INFO = NO;
				MTL_FAST_MATH = YES;
				SDKROOT = iphoneos;
				SWIFT_COMPILATION_MODE = wholemodule;
				SWIFT_OPTIMIZATION_LEVEL = "-O";
				VALIDATE_PRODUCT = YES;
			};
			name = Release;
		};
		76CD12DD2A4E9B2700A0CFD3 /* Debug */ = {
			isa = XCBuildConfiguration;
			baseConfigurationReference = B998897B44C0F4A401296BA3 /* Pods-sentence.debug.xcconfig */;
			buildSettings = {
				ASSETCATALOG_COMPILER_APPICON_NAME = AppIcon;
				ASSETCATALOG_COMPILER_GLOBAL_ACCENT_COLOR_NAME = AccentColor;
				CODE_SIGN_STYLE = Automatic;
				CURRENT_PROJECT_VERSION = 1;
				DEVELOPMENT_TEAM = J74H985T9L;
				GENERATE_INFOPLIST_FILE = YES;
				INFOPLIST_FILE = sentence/Info.plist;
				INFOPLIST_KEY_UIApplicationSupportsIndirectInputEvents = YES;
				INFOPLIST_KEY_UILaunchStoryboardName = LaunchScreen;
				INFOPLIST_KEY_UIMainStoryboardFile = Main;
				INFOPLIST_KEY_UISupportedInterfaceOrientations_iPad = "UIInterfaceOrientationPortrait UIInterfaceOrientationPortraitUpsideDown UIInterfaceOrientationLandscapeLeft UIInterfaceOrientationLandscapeRight";
				INFOPLIST_KEY_UISupportedInterfaceOrientations_iPhone = "UIInterfaceOrientationPortrait UIInterfaceOrientationLandscapeLeft UIInterfaceOrientationLandscapeRight";
				IPHONEOS_DEPLOYMENT_TARGET = 13.0;
				LD_RUNPATH_SEARCH_PATHS = (
					"$(inherited)",
					"@executable_path/Frameworks",
				);
				MARKETING_VERSION = 1.0;
				PRODUCT_BUNDLE_IDENTIFIER = com.terry.sentence;
				PRODUCT_NAME = "$(TARGET_NAME)";
				SWIFT_EMIT_LOC_STRINGS = YES;
				SWIFT_VERSION = 5.0;
				TARGETED_DEVICE_FAMILY = "1,2";
			};
			name = Debug;
		};
		76CD12DE2A4E9B2700A0CFD3 /* Release */ = {
			isa = XCBuildConfiguration;
			baseConfigurationReference = 030812147D3E7AB42C7CC8FB /* Pods-sentence.release.xcconfig */;
			buildSettings = {
				ASSETCATALOG_COMPILER_APPICON_NAME = AppIcon;
				ASSETCATALOG_COMPILER_GLOBAL_ACCENT_COLOR_NAME = AccentColor;
				CODE_SIGN_STYLE = Automatic;
				CURRENT_PROJECT_VERSION = 1;
				DEVELOPMENT_TEAM = J74H985T9L;
				GENERATE_INFOPLIST_FILE = YES;
				INFOPLIST_FILE = sentence/Info.plist;
				INFOPLIST_KEY_UIApplicationSupportsIndirectInputEvents = YES;
				INFOPLIST_KEY_UILaunchStoryboardName = LaunchScreen;
				INFOPLIST_KEY_UIMainStoryboardFile = Main;
				INFOPLIST_KEY_UISupportedInterfaceOrientations_iPad = "UIInterfaceOrientationPortrait UIInterfaceOrientationPortraitUpsideDown UIInterfaceOrientationLandscapeLeft UIInterfaceOrientationLandscapeRight";
				INFOPLIST_KEY_UISupportedInterfaceOrientations_iPhone = "UIInterfaceOrientationPortrait UIInterfaceOrientationLandscapeLeft UIInterfaceOrientationLandscapeRight";
				IPHONEOS_DEPLOYMENT_TARGET = 13.0;
				LD_RUNPATH_SEARCH_PATHS = (
					"$(inherited)",
					"@executable_path/Frameworks",
				);
				MARKETING_VERSION = 1.0;
				PRODUCT_BUNDLE_IDENTIFIER = com.terry.sentence;
				PRODUCT_NAME = "$(TARGET_NAME)";
				SWIFT_EMIT_LOC_STRINGS = YES;
				SWIFT_VERSION = 5.0;
				TARGETED_DEVICE_FAMILY = "1,2";
			};
			name = Release;
		};
/* End XCBuildConfiguration section */

/* Begin XCConfigurationList section */
		76CD12C32A4E9B2500A0CFD3 /* Build configuration list for PBXProject "sentence" */ = {
			isa = XCConfigurationList;
			buildConfigurations = (
				76CD12DA2A4E9B2700A0CFD3 /* Debug */,
				76CD12DB2A4E9B2700A0CFD3 /* Release */,
			);
			defaultConfigurationIsVisible = 0;
			defaultConfigurationName = Release;
		};
		76CD12DC2A4E9B2700A0CFD3 /* Build configuration list for PBXNativeTarget "sentence" */ = {
			isa = XCConfigurationList;
			buildConfigurations = (
				76CD12DD2A4E9B2700A0CFD3 /* Debug */,
				76CD12DE2A4E9B2700A0CFD3 /* Release */,
			);
			defaultConfigurationIsVisible = 0;
			defaultConfigurationName = Release;
		};
/* End XCConfigurationList section */
	};
	rootObject = 76CD12C02A4E9B2500A0CFD3 /* Project object */;
}
